# This file is automatically @generated by Cargo.
# It is not intended for manual editing.
version = 4

[[package]]
name = "libc"
version = "0.2.177"
source = "registry+https://github.com/rust-lang/crates.io-index"
checksum = "2874a2af47a2325c2001a6e6fad9b16a53b802102b528163885171cf92b15976"

[[package]]
name = "redb"
version = "2.1.3"
source = "registry+https://github.com/rust-lang/crates.io-index"
checksum = "e4760ad04a88ef77075ba86ba9ea79b919e6bab29c1764c5747237cd6eaedcaa"
dependencies = [
 "libc",
]

[[package]]
name = "redb-migration-generator"
version = "0.1.0"
dependencies = [
 "redb",
]
